
Microsoft Visual Studio Solution File, Format Version 12.00
# Visual Studio 15
VisualStudioVersion = 15.0.26124.0
MinimumVisualStudioVersion = 15.0.26124.0
Project("{FAE04EC0-301F-11D3-BF4B-00C04F79EFBC}") = "Exercicio6", "Exercicio6\Exercicio6.csproj", "{B82C3A8B-7896-41A3-934C-AC68FF4ABA1F}"
EndProject
Project("{FAE04EC0-301F-11D3-BF4B-00C04F79EFBC}") = "Exercicio2", "Exercicio2\Exercicio2.csproj", "{030F3586-D1A6-4953-B022-615AEA5170AE}"
EndProject
Project("{FAE04EC0-301F-11D3-BF4B-00C04F79EFBC}") = "Exercicio3", "Exercicio3\Exercicio3.csproj", "{01DCD677-DA1F-484E-8AE2-A545F4256E2A}"
EndProject
Project("{FAE04EC0-301F-11D3-BF4B-00C04F79EFBC}") = "Exercicio4", "Exercicio4\Exercicio4.csproj", "{3E70B6E0-D02A-4E9E-B374-31EE9BD0F4F6}"
EndProject
Project("{FAE04EC0-301F-11D3-BF4B-00C04F79EFBC}") = "Exercicio5", "Exercicio5\Exercicio5.csproj", "{26998B6F-5166-4F5F-8E51-271402FDB2C7}"
EndProject
Global
	GlobalSection(SolutionConfigurationPlatforms) = preSolution
		Debug|Any CPU = Debug|Any CPU
		Debug|x64 = Debug|x64
		Debug|x86 = Debug|x86
		Release|Any CPU = Release|Any CPU
		Release|x64 = Release|x64
		Release|x86 = Release|x86
	EndGlobalSection
	GlobalSection(SolutionProperties) = preSolution
		HideSolutionNode = FALSE
	EndGlobalSection
	GlobalSection(ProjectConfigurationPlatforms) = postSolution
		{B82C3A8B-7896-41A3-934C-AC68FF4ABA1F}.Debug|Any CPU.ActiveCfg = Debug|Any CPU
		{B82C3A8B-7896-41A3-934C-AC68FF4ABA1F}.Debug|Any CPU.Build.0 = Debug|Any CPU
		{B82C3A8B-7896-41A3-934C-AC68FF4ABA1F}.Debug|x64.ActiveCfg = Debug|Any CPU
		{B82C3A8B-7896-41A3-934C-AC68FF4ABA1F}.Debug|x64.Build.0 = Debug|Any CPU
		{B82C3A8B-7896-41A3-934C-AC68FF4ABA1F}.Debug|x86.ActiveCfg = Debug|Any CPU
		{B82C3A8B-7896-41A3-934C-AC68FF4ABA1F}.Debug|x86.Build.0 = Debug|Any CPU
		{B82C3A8B-7896-41A3-934C-AC68FF4ABA1F}.Release|Any CPU.ActiveCfg = Release|Any CPU
		{B82C3A8B-7896-41A3-934C-AC68FF4ABA1F}.Release|Any CPU.Build.0 = Release|Any CPU
		{B82C3A8B-7896-41A3-934C-AC68FF4ABA1F}.Release|x64.ActiveCfg = Release|Any CPU
		{B82C3A8B-7896-41A3-934C-AC68FF4ABA1F}.Release|x64.Build.0 = Release|Any CPU
		{B82C3A8B-7896-41A3-934C-AC68FF4ABA1F}.Release|x86.ActiveCfg = Release|Any CPU
		{B82C3A8B-7896-41A3-934C-AC68FF4ABA1F}.Release|x86.Build.0 = Release|Any CPU
		{030F3586-D1A6-4953-B022-615AEA5170AE}.Debug|Any CPU.ActiveCfg = Debug|Any CPU
		{030F3586-D1A6-4953-B022-615AEA5170AE}.Debug|Any CPU.Build.0 = Debug|Any CPU
		{030F3586-D1A6-4953-B022-615AEA5170AE}.Debug|x64.ActiveCfg = Debug|Any CPU
		{030F3586-D1A6-4953-B022-615AEA5170AE}.Debug|x64.Build.0 = Debug|Any CPU
		{030F3586-D1A6-4953-B022-615AEA5170AE}.Debug|x86.ActiveCfg = Debug|Any CPU
		{030F3586-D1A6-4953-B022-615AEA5170AE}.Debug|x86.Build.0 = Debug|Any CPU
		{030F3586-D1A6-4953-B022-615AEA5170AE}.Release|Any CPU.ActiveCfg = Release|Any CPU
		{030F3586-D1A6-4953-B022-615AEA5170AE}.Release|Any CPU.Build.0 = Release|Any CPU
		{030F3586-D1A6-4953-B022-615AEA5170AE}.Release|x64.ActiveCfg = Release|Any CPU
		{030F3586-D1A6-4953-B022-615AEA5170AE}.Release|x64.Build.0 = Release|Any CPU
		{030F3586-D1A6-4953-B022-615AEA5170AE}.Release|x86.ActiveCfg = Release|Any CPU
		{030F3586-D1A6-4953-B022-615AEA5170AE}.Release|x86.Build.0 = Release|Any CPU
		{01DCD677-DA1F-484E-8AE2-A545F4256E2A}.Debug|Any CPU.ActiveCfg = Debug|Any CPU
		{01DCD677-DA1F-484E-8AE2-A545F4256E2A}.Debug|Any CPU.Build.0 = Debug|Any CPU
		{01DCD677-DA1F-484E-8AE2-A545F4256E2A}.Debug|x64.ActiveCfg = Debug|Any CPU
		{01DCD677-DA1F-484E-8AE2-A545F4256E2A}.Debug|x64.Build.0 = Debug|Any CPU
		{01DCD677-DA1F-484E-8AE2-A545F4256E2A}.Debug|x86.ActiveCfg = Debug|Any CPU
		{01DCD677-DA1F-484E-8AE2-A545F4256E2A}.Debug|x86.Build.0 = Debug|Any CPU
		{01DCD677-DA1F-484E-8AE2-A545F4256E2A}.Release|Any CPU.ActiveCfg = Release|Any CPU
		{01DCD677-DA1F-484E-8AE2-A545F4256E2A}.Release|Any CPU.Build.0 = Release|Any CPU
		{01DCD677-DA1F-484E-8AE2-A545F4256E2A}.Release|x64.ActiveCfg = Release|Any CPU
		{01DCD677-DA1F-484E-8AE2-A545F4256E2A}.Release|x64.Build.0 = Release|Any CPU
		{01DCD677-DA1F-484E-8AE2-A545F4256E2A}.Release|x86.ActiveCfg = Release|Any CPU
		{01DCD677-DA1F-484E-8AE2-A545F4256E2A}.Release|x86.Build.0 = Release|Any CPU
		{3E70B6E0-D02A-4E9E-B374-31EE9BD0F4F6}.Debug|Any CPU.ActiveCfg = Debug|Any CPU
		{3E70B6E0-D02A-4E9E-B374-31EE9BD0F4F6}.Debug|Any CPU.Build.0 = Debug|Any CPU
		{3E70B6E0-D02A-4E9E-B374-31EE9BD0F4F6}.Debug|x64.ActiveCfg = Debug|Any CPU
		{3E70B6E0-D02A-4E9E-B374-31EE9BD0F4F6}.Debug|x64.Build.0 = Debug|Any CPU
		{3E70B6E0-D02A-4E9E-B374-31EE9BD0F4F6}.Debug|x86.ActiveCfg = Debug|Any CPU
		{3E70B6E0-D02A-4E9E-B374-31EE9BD0F4F6}.Debug|x86.Build.0 = Debug|Any CPU
		{3E70B6E0-D02A-4E9E-B374-31EE9BD0F4F6}.Release|Any CPU.ActiveCfg = Release|Any CPU
		{3E70B6E0-D02A-4E9E-B374-31EE9BD0F4F6}.Release|Any CPU.Build.0 = Release|Any CPU
		{3E70B6E0-D02A-4E9E-B374-31EE9BD0F4F6}.Release|x64.ActiveCfg = Release|Any CPU
		{3E70B6E0-D02A-4E9E-B374-31EE9BD0F4F6}.Release|x64.Build.0 = Release|Any CPU
		{3E70B6E0-D02A-4E9E-B374-31EE9BD0F4F6}.Release|x86.ActiveCfg = Release|Any CPU
		{3E70B6E0-D02A-4E9E-B374-31EE9BD0F4F6}.Release|x86.Build.0 = Release|Any CPU
		{26998B6F-5166-4F5F-8E51-271402FDB2C7}.Debug|Any CPU.ActiveCfg = Debug|Any CPU
		{26998B6F-5166-4F5F-8E51-271402FDB2C7}.Debug|Any CPU.Build.0 = Debug|Any CPU
		{26998B6F-5166-4F5F-8E51-271402FDB2C7}.Debug|x64.ActiveCfg = Debug|Any CPU
		{26998B6F-5166-4F5F-8E51-271402FDB2C7}.Debug|x64.Build.0 = Debug|Any CPU
		{26998B6F-5166-4F5F-8E51-271402FDB2C7}.Debug|x86.ActiveCfg = Debug|Any CPU
		{26998B6F-5166-4F5F-8E51-271402FDB2C7}.Debug|x86.Build.0 = Debug|Any CPU
		{26998B6F-5166-4F5F-8E51-271402FDB2C7}.Release|Any CPU.ActiveCfg = Release|Any CPU
		{26998B6F-5166-4F5F-8E51-271402FDB2C7}.Release|Any CPU.Build.0 = Release|Any CPU
		{26998B6F-5166-4F5F-8E51-271402FDB2C7}.Release|x64.ActiveCfg = Release|Any CPU
		{26998B6F-5166-4F5F-8E51-271402FDB2C7}.Release|x64.Build.0 = Release|Any CPU
		{26998B6F-5166-4F5F-8E51-271402FDB2C7}.Release|x86.ActiveCfg = Release|Any CPU
		{26998B6F-5166-4F5F-8E51-271402FDB2C7}.Release|x86.Build.0 = Release|Any CPU
	EndGlobalSection
EndGlobal
