
Microsoft Visual Studio Solution File, Format Version 12.00
# Visual Studio 15
VisualStudioVersion = 15.0.26124.0
MinimumVisualStudioVersion = 15.0.26124.0
Project("{FAE04EC0-301F-11D3-BF4B-00C04F79EFBC}") = "Exercicio3", "Exercicio3\Exercicio3.csproj", "{5CE8ADF9-A68E-41A1-B1BE-D6A8B7F5C4B7}"
EndProject
Project("{FAE04EC0-301F-11D3-BF4B-00C04F79EFBC}") = "Exercicio4", "Exercicio4\Exercicio4.csproj", "{D5E202C2-B8CE-43E8-884E-D52B06FCD7A4}"
EndProject
Project("{FAE04EC0-301F-11D3-BF4B-00C04F79EFBC}") = "Exercicio5", "Exercicio5\Exercicio5.csproj", "{D48AC11B-943F-47C5-A1E7-C3748C79D0E9}"
EndProject
Project("{FAE04EC0-301F-11D3-BF4B-00C04F79EFBC}") = "Exercicio6", "Exercicio6\Exercicio6.csproj", "{8AE5D9C6-6556-4F9F-A317-3992C96F59B7}"
EndProject
Project("{FAE04EC0-301F-11D3-BF4B-00C04F79EFBC}") = "Exercicio7", "Exercicio7\Exercicio7.csproj", "{DCD0498B-13C4-4675-98CF-836E39F81444}"
EndProject
Global
	GlobalSection(SolutionConfigurationPlatforms) = preSolution
		Debug|Any CPU = Debug|Any CPU
		Debug|x64 = Debug|x64
		Debug|x86 = Debug|x86
		Release|Any CPU = Release|Any CPU
		Release|x64 = Release|x64
		Release|x86 = Release|x86
	EndGlobalSection
	GlobalSection(SolutionProperties) = preSolution
		HideSolutionNode = FALSE
	EndGlobalSection
	GlobalSection(ProjectConfigurationPlatforms) = postSolution
		{5CE8ADF9-A68E-41A1-B1BE-D6A8B7F5C4B7}.Debug|Any CPU.ActiveCfg = Debug|Any CPU
		{5CE8ADF9-A68E-41A1-B1BE-D6A8B7F5C4B7}.Debug|Any CPU.Build.0 = Debug|Any CPU
		{5CE8ADF9-A68E-41A1-B1BE-D6A8B7F5C4B7}.Debug|x64.ActiveCfg = Debug|Any CPU
		{5CE8ADF9-A68E-41A1-B1BE-D6A8B7F5C4B7}.Debug|x64.Build.0 = Debug|Any CPU
		{5CE8ADF9-A68E-41A1-B1BE-D6A8B7F5C4B7}.Debug|x86.ActiveCfg = Debug|Any CPU
		{5CE8ADF9-A68E-41A1-B1BE-D6A8B7F5C4B7}.Debug|x86.Build.0 = Debug|Any CPU
		{5CE8ADF9-A68E-41A1-B1BE-D6A8B7F5C4B7}.Release|Any CPU.ActiveCfg = Release|Any CPU
		{5CE8ADF9-A68E-41A1-B1BE-D6A8B7F5C4B7}.Release|Any CPU.Build.0 = Release|Any CPU
		{5CE8ADF9-A68E-41A1-B1BE-D6A8B7F5C4B7}.Release|x64.ActiveCfg = Release|Any CPU
		{5CE8ADF9-A68E-41A1-B1BE-D6A8B7F5C4B7}.Release|x64.Build.0 = Release|Any CPU
		{5CE8ADF9-A68E-41A1-B1BE-D6A8B7F5C4B7}.Release|x86.ActiveCfg = Release|Any CPU
		{5CE8ADF9-A68E-41A1-B1BE-D6A8B7F5C4B7}.Release|x86.Build.0 = Release|Any CPU
		{D5E202C2-B8CE-43E8-884E-D52B06FCD7A4}.Debug|Any CPU.ActiveCfg = Debug|Any CPU
		{D5E202C2-B8CE-43E8-884E-D52B06FCD7A4}.Debug|Any CPU.Build.0 = Debug|Any CPU
		{D5E202C2-B8CE-43E8-884E-D52B06FCD7A4}.Debug|x64.ActiveCfg = Debug|Any CPU
		{D5E202C2-B8CE-43E8-884E-D52B06FCD7A4}.Debug|x64.Build.0 = Debug|Any CPU
		{D5E202C2-B8CE-43E8-884E-D52B06FCD7A4}.Debug|x86.ActiveCfg = Debug|Any CPU
		{D5E202C2-B8CE-43E8-884E-D52B06FCD7A4}.Debug|x86.Build.0 = Debug|Any CPU
		{D5E202C2-B8CE-43E8-884E-D52B06FCD7A4}.Release|Any CPU.ActiveCfg = Release|Any CPU
		{D5E202C2-B8CE-43E8-884E-D52B06FCD7A4}.Release|Any CPU.Build.0 = Release|Any CPU
		{D5E202C2-B8CE-43E8-884E-D52B06FCD7A4}.Release|x64.ActiveCfg = Release|Any CPU
		{D5E202C2-B8CE-43E8-884E-D52B06FCD7A4}.Release|x64.Build.0 = Release|Any CPU
		{D5E202C2-B8CE-43E8-884E-D52B06FCD7A4}.Release|x86.ActiveCfg = Release|Any CPU
		{D5E202C2-B8CE-43E8-884E-D52B06FCD7A4}.Release|x86.Build.0 = Release|Any CPU
		{D48AC11B-943F-47C5-A1E7-C3748C79D0E9}.Debug|Any CPU.ActiveCfg = Debug|Any CPU
		{D48AC11B-943F-47C5-A1E7-C3748C79D0E9}.Debug|Any CPU.Build.0 = Debug|Any CPU
		{D48AC11B-943F-47C5-A1E7-C3748C79D0E9}.Debug|x64.ActiveCfg = Debug|Any CPU
		{D48AC11B-943F-47C5-A1E7-C3748C79D0E9}.Debug|x64.Build.0 = Debug|Any CPU
		{D48AC11B-943F-47C5-A1E7-C3748C79D0E9}.Debug|x86.ActiveCfg = Debug|Any CPU
		{D48AC11B-943F-47C5-A1E7-C3748C79D0E9}.Debug|x86.Build.0 = Debug|Any CPU
		{D48AC11B-943F-47C5-A1E7-C3748C79D0E9}.Release|Any CPU.ActiveCfg = Release|Any CPU
		{D48AC11B-943F-47C5-A1E7-C3748C79D0E9}.Release|Any CPU.Build.0 = Release|Any CPU
		{D48AC11B-943F-47C5-A1E7-C3748C79D0E9}.Release|x64.ActiveCfg = Release|Any CPU
		{D48AC11B-943F-47C5-A1E7-C3748C79D0E9}.Release|x64.Build.0 = Release|Any CPU
		{D48AC11B-943F-47C5-A1E7-C3748C79D0E9}.Release|x86.ActiveCfg = Release|Any CPU
		{D48AC11B-943F-47C5-A1E7-C3748C79D0E9}.Release|x86.Build.0 = Release|Any CPU
		{8AE5D9C6-6556-4F9F-A317-3992C96F59B7}.Debug|Any CPU.ActiveCfg = Debug|Any CPU
		{8AE5D9C6-6556-4F9F-A317-3992C96F59B7}.Debug|Any CPU.Build.0 = Debug|Any CPU
		{8AE5D9C6-6556-4F9F-A317-3992C96F59B7}.Debug|x64.ActiveCfg = Debug|Any CPU
		{8AE5D9C6-6556-4F9F-A317-3992C96F59B7}.Debug|x64.Build.0 = Debug|Any CPU
		{8AE5D9C6-6556-4F9F-A317-3992C96F59B7}.Debug|x86.ActiveCfg = Debug|Any CPU
		{8AE5D9C6-6556-4F9F-A317-3992C96F59B7}.Debug|x86.Build.0 = Debug|Any CPU
		{8AE5D9C6-6556-4F9F-A317-3992C96F59B7}.Release|Any CPU.ActiveCfg = Release|Any CPU
		{8AE5D9C6-6556-4F9F-A317-3992C96F59B7}.Release|Any CPU.Build.0 = Release|Any CPU
		{8AE5D9C6-6556-4F9F-A317-3992C96F59B7}.Release|x64.ActiveCfg = Release|Any CPU
		{8AE5D9C6-6556-4F9F-A317-3992C96F59B7}.Release|x64.Build.0 = Release|Any CPU
		{8AE5D9C6-6556-4F9F-A317-3992C96F59B7}.Release|x86.ActiveCfg = Release|Any CPU
		{8AE5D9C6-6556-4F9F-A317-3992C96F59B7}.Release|x86.Build.0 = Release|Any CPU
		{DCD0498B-13C4-4675-98CF-836E39F81444}.Debug|Any CPU.ActiveCfg = Debug|Any CPU
		{DCD0498B-13C4-4675-98CF-836E39F81444}.Debug|Any CPU.Build.0 = Debug|Any CPU
		{DCD0498B-13C4-4675-98CF-836E39F81444}.Debug|x64.ActiveCfg = Debug|Any CPU
		{DCD0498B-13C4-4675-98CF-836E39F81444}.Debug|x64.Build.0 = Debug|Any CPU
		{DCD0498B-13C4-4675-98CF-836E39F81444}.Debug|x86.ActiveCfg = Debug|Any CPU
		{DCD0498B-13C4-4675-98CF-836E39F81444}.Debug|x86.Build.0 = Debug|Any CPU
		{DCD0498B-13C4-4675-98CF-836E39F81444}.Release|Any CPU.ActiveCfg = Release|Any CPU
		{DCD0498B-13C4-4675-98CF-836E39F81444}.Release|Any CPU.Build.0 = Release|Any CPU
		{DCD0498B-13C4-4675-98CF-836E39F81444}.Release|x64.ActiveCfg = Release|Any CPU
		{DCD0498B-13C4-4675-98CF-836E39F81444}.Release|x64.Build.0 = Release|Any CPU
		{DCD0498B-13C4-4675-98CF-836E39F81444}.Release|x86.ActiveCfg = Release|Any CPU
		{DCD0498B-13C4-4675-98CF-836E39F81444}.Release|x86.Build.0 = Release|Any CPU
	EndGlobalSection
EndGlobal
