
Microsoft Visual Studio Solution File, Format Version 12.00
# Visual Studio 15
VisualStudioVersion = 15.0.26124.0
MinimumVisualStudioVersion = 15.0.26124.0
Project("{FAE04EC0-301F-11D3-BF4B-00C04F79EFBC}") = "AdapterTest", "AdapterTest\AdapterTest.csproj", "{9C4EB333-9937-44E4-958A-19A5181E271D}"
EndProject
Project("{FAE04EC0-301F-11D3-BF4B-00C04F79EFBC}") = "StreamTest", "StreamTest\StreamTest.csproj", "{CB57B8DA-02C0-4A60-9785-94064785AD3C}"
EndProject
Project("{FAE04EC0-301F-11D3-BF4B-00C04F79EFBC}") = "Exercicio1", "Exercicio1\Exercicio1.csproj", "{2F2B1132-D55A-406B-917A-7C95682114FC}"
EndProject
Project("{FAE04EC0-301F-11D3-BF4B-00C04F79EFBC}") = "Exercicio2", "Exercicio2\Exercicio2.csproj", "{9D935EB7-BD88-46D0-B590-D252D067FD01}"
EndProject
Project("{FAE04EC0-301F-11D3-BF4B-00C04F79EFBC}") = "Exercicio3", "Exercicio3\Exercicio3.csproj", "{34733D48-B93D-48A8-A5C1-4A7F13018187}"
EndProject
Project("{FAE04EC0-301F-11D3-BF4B-00C04F79EFBC}") = "Exercicio4", "Exercicio4\Exercicio4.csproj", "{A0BDD3E7-ED74-4A4A-80A2-DC57A23A9BA2}"
EndProject
Global
	GlobalSection(SolutionConfigurationPlatforms) = preSolution
		Debug|Any CPU = Debug|Any CPU
		Debug|x64 = Debug|x64
		Debug|x86 = Debug|x86
		Release|Any CPU = Release|Any CPU
		Release|x64 = Release|x64
		Release|x86 = Release|x86
	EndGlobalSection
	GlobalSection(SolutionProperties) = preSolution
		HideSolutionNode = FALSE
	EndGlobalSection
	GlobalSection(ProjectConfigurationPlatforms) = postSolution
		{9C4EB333-9937-44E4-958A-19A5181E271D}.Debug|Any CPU.ActiveCfg = Debug|Any CPU
		{9C4EB333-9937-44E4-958A-19A5181E271D}.Debug|Any CPU.Build.0 = Debug|Any CPU
		{9C4EB333-9937-44E4-958A-19A5181E271D}.Debug|x64.ActiveCfg = Debug|Any CPU
		{9C4EB333-9937-44E4-958A-19A5181E271D}.Debug|x64.Build.0 = Debug|Any CPU
		{9C4EB333-9937-44E4-958A-19A5181E271D}.Debug|x86.ActiveCfg = Debug|Any CPU
		{9C4EB333-9937-44E4-958A-19A5181E271D}.Debug|x86.Build.0 = Debug|Any CPU
		{9C4EB333-9937-44E4-958A-19A5181E271D}.Release|Any CPU.ActiveCfg = Release|Any CPU
		{9C4EB333-9937-44E4-958A-19A5181E271D}.Release|Any CPU.Build.0 = Release|Any CPU
		{9C4EB333-9937-44E4-958A-19A5181E271D}.Release|x64.ActiveCfg = Release|Any CPU
		{9C4EB333-9937-44E4-958A-19A5181E271D}.Release|x64.Build.0 = Release|Any CPU
		{9C4EB333-9937-44E4-958A-19A5181E271D}.Release|x86.ActiveCfg = Release|Any CPU
		{9C4EB333-9937-44E4-958A-19A5181E271D}.Release|x86.Build.0 = Release|Any CPU
		{CB57B8DA-02C0-4A60-9785-94064785AD3C}.Debug|Any CPU.ActiveCfg = Debug|Any CPU
		{CB57B8DA-02C0-4A60-9785-94064785AD3C}.Debug|Any CPU.Build.0 = Debug|Any CPU
		{CB57B8DA-02C0-4A60-9785-94064785AD3C}.Debug|x64.ActiveCfg = Debug|Any CPU
		{CB57B8DA-02C0-4A60-9785-94064785AD3C}.Debug|x64.Build.0 = Debug|Any CPU
		{CB57B8DA-02C0-4A60-9785-94064785AD3C}.Debug|x86.ActiveCfg = Debug|Any CPU
		{CB57B8DA-02C0-4A60-9785-94064785AD3C}.Debug|x86.Build.0 = Debug|Any CPU
		{CB57B8DA-02C0-4A60-9785-94064785AD3C}.Release|Any CPU.ActiveCfg = Release|Any CPU
		{CB57B8DA-02C0-4A60-9785-94064785AD3C}.Release|Any CPU.Build.0 = Release|Any CPU
		{CB57B8DA-02C0-4A60-9785-94064785AD3C}.Release|x64.ActiveCfg = Release|Any CPU
		{CB57B8DA-02C0-4A60-9785-94064785AD3C}.Release|x64.Build.0 = Release|Any CPU
		{CB57B8DA-02C0-4A60-9785-94064785AD3C}.Release|x86.ActiveCfg = Release|Any CPU
		{CB57B8DA-02C0-4A60-9785-94064785AD3C}.Release|x86.Build.0 = Release|Any CPU
		{2F2B1132-D55A-406B-917A-7C95682114FC}.Debug|Any CPU.ActiveCfg = Debug|Any CPU
		{2F2B1132-D55A-406B-917A-7C95682114FC}.Debug|Any CPU.Build.0 = Debug|Any CPU
		{2F2B1132-D55A-406B-917A-7C95682114FC}.Debug|x64.ActiveCfg = Debug|Any CPU
		{2F2B1132-D55A-406B-917A-7C95682114FC}.Debug|x64.Build.0 = Debug|Any CPU
		{2F2B1132-D55A-406B-917A-7C95682114FC}.Debug|x86.ActiveCfg = Debug|Any CPU
		{2F2B1132-D55A-406B-917A-7C95682114FC}.Debug|x86.Build.0 = Debug|Any CPU
		{2F2B1132-D55A-406B-917A-7C95682114FC}.Release|Any CPU.ActiveCfg = Release|Any CPU
		{2F2B1132-D55A-406B-917A-7C95682114FC}.Release|Any CPU.Build.0 = Release|Any CPU
		{2F2B1132-D55A-406B-917A-7C95682114FC}.Release|x64.ActiveCfg = Release|Any CPU
		{2F2B1132-D55A-406B-917A-7C95682114FC}.Release|x64.Build.0 = Release|Any CPU
		{2F2B1132-D55A-406B-917A-7C95682114FC}.Release|x86.ActiveCfg = Release|Any CPU
		{2F2B1132-D55A-406B-917A-7C95682114FC}.Release|x86.Build.0 = Release|Any CPU
		{9D935EB7-BD88-46D0-B590-D252D067FD01}.Debug|Any CPU.ActiveCfg = Debug|Any CPU
		{9D935EB7-BD88-46D0-B590-D252D067FD01}.Debug|Any CPU.Build.0 = Debug|Any CPU
		{9D935EB7-BD88-46D0-B590-D252D067FD01}.Debug|x64.ActiveCfg = Debug|Any CPU
		{9D935EB7-BD88-46D0-B590-D252D067FD01}.Debug|x64.Build.0 = Debug|Any CPU
		{9D935EB7-BD88-46D0-B590-D252D067FD01}.Debug|x86.ActiveCfg = Debug|Any CPU
		{9D935EB7-BD88-46D0-B590-D252D067FD01}.Debug|x86.Build.0 = Debug|Any CPU
		{9D935EB7-BD88-46D0-B590-D252D067FD01}.Release|Any CPU.ActiveCfg = Release|Any CPU
		{9D935EB7-BD88-46D0-B590-D252D067FD01}.Release|Any CPU.Build.0 = Release|Any CPU
		{9D935EB7-BD88-46D0-B590-D252D067FD01}.Release|x64.ActiveCfg = Release|Any CPU
		{9D935EB7-BD88-46D0-B590-D252D067FD01}.Release|x64.Build.0 = Release|Any CPU
		{9D935EB7-BD88-46D0-B590-D252D067FD01}.Release|x86.ActiveCfg = Release|Any CPU
		{9D935EB7-BD88-46D0-B590-D252D067FD01}.Release|x86.Build.0 = Release|Any CPU
		{34733D48-B93D-48A8-A5C1-4A7F13018187}.Debug|Any CPU.ActiveCfg = Debug|Any CPU
		{34733D48-B93D-48A8-A5C1-4A7F13018187}.Debug|Any CPU.Build.0 = Debug|Any CPU
		{34733D48-B93D-48A8-A5C1-4A7F13018187}.Debug|x64.ActiveCfg = Debug|Any CPU
		{34733D48-B93D-48A8-A5C1-4A7F13018187}.Debug|x64.Build.0 = Debug|Any CPU
		{34733D48-B93D-48A8-A5C1-4A7F13018187}.Debug|x86.ActiveCfg = Debug|Any CPU
		{34733D48-B93D-48A8-A5C1-4A7F13018187}.Debug|x86.Build.0 = Debug|Any CPU
		{34733D48-B93D-48A8-A5C1-4A7F13018187}.Release|Any CPU.ActiveCfg = Release|Any CPU
		{34733D48-B93D-48A8-A5C1-4A7F13018187}.Release|Any CPU.Build.0 = Release|Any CPU
		{34733D48-B93D-48A8-A5C1-4A7F13018187}.Release|x64.ActiveCfg = Release|Any CPU
		{34733D48-B93D-48A8-A5C1-4A7F13018187}.Release|x64.Build.0 = Release|Any CPU
		{34733D48-B93D-48A8-A5C1-4A7F13018187}.Release|x86.ActiveCfg = Release|Any CPU
		{34733D48-B93D-48A8-A5C1-4A7F13018187}.Release|x86.Build.0 = Release|Any CPU
		{A0BDD3E7-ED74-4A4A-80A2-DC57A23A9BA2}.Debug|Any CPU.ActiveCfg = Debug|Any CPU
		{A0BDD3E7-ED74-4A4A-80A2-DC57A23A9BA2}.Debug|Any CPU.Build.0 = Debug|Any CPU
		{A0BDD3E7-ED74-4A4A-80A2-DC57A23A9BA2}.Debug|x64.ActiveCfg = Debug|Any CPU
		{A0BDD3E7-ED74-4A4A-80A2-DC57A23A9BA2}.Debug|x64.Build.0 = Debug|Any CPU
		{A0BDD3E7-ED74-4A4A-80A2-DC57A23A9BA2}.Debug|x86.ActiveCfg = Debug|Any CPU
		{A0BDD3E7-ED74-4A4A-80A2-DC57A23A9BA2}.Debug|x86.Build.0 = Debug|Any CPU
		{A0BDD3E7-ED74-4A4A-80A2-DC57A23A9BA2}.Release|Any CPU.ActiveCfg = Release|Any CPU
		{A0BDD3E7-ED74-4A4A-80A2-DC57A23A9BA2}.Release|Any CPU.Build.0 = Release|Any CPU
		{A0BDD3E7-ED74-4A4A-80A2-DC57A23A9BA2}.Release|x64.ActiveCfg = Release|Any CPU
		{A0BDD3E7-ED74-4A4A-80A2-DC57A23A9BA2}.Release|x64.Build.0 = Release|Any CPU
		{A0BDD3E7-ED74-4A4A-80A2-DC57A23A9BA2}.Release|x86.ActiveCfg = Release|Any CPU
		{A0BDD3E7-ED74-4A4A-80A2-DC57A23A9BA2}.Release|x86.Build.0 = Release|Any CPU
	EndGlobalSection
EndGlobal
