
Microsoft Visual Studio Solution File, Format Version 12.00
# Visual Studio 15
VisualStudioVersion = 15.0.26124.0
MinimumVisualStudioVersion = 15.0.26124.0
Project("{FAE04EC0-301F-11D3-BF4B-00C04F79EFBC}") = "GameInterfaces", "GameInterfaces\GameInterfaces.csproj", "{0EEA7E6F-E808-494D-B403-FE219F81568A}"
EndProject
Project("{FAE04EC0-301F-11D3-BF4B-00C04F79EFBC}") = "CityManager1", "CityManager1\CityManager1.csproj", "{ED8FD5C5-2D22-4976-96BA-FAFCA1761B0E}"
EndProject
Project("{FAE04EC0-301F-11D3-BF4B-00C04F79EFBC}") = "CityManager2", "CityManager2\CityManager2.csproj", "{A356C1FD-45D0-4625-A19C-1676CBC6E1F8}"
EndProject
Project("{FAE04EC0-301F-11D3-BF4B-00C04F79EFBC}") = "CityManager3", "CityManager3\CityManager3.csproj", "{80B80384-534F-41E7-B0C7-5F1C039D1681}"
EndProject
Project("{FAE04EC0-301F-11D3-BF4B-00C04F79EFBC}") = "CityManager4", "CityManager4\CityManager4.csproj", "{A6182A0C-4016-4460-BB3D-7E21D20A931B}"
EndProject
Project("{FAE04EC0-301F-11D3-BF4B-00C04F79EFBC}") = "BuildingCollections", "BuildingCollections\BuildingCollections.csproj", "{036D11FE-031F-490E-8C9D-79CAC63A6FAF}"
EndProject
Project("{FAE04EC0-301F-11D3-BF4B-00C04F79EFBC}") = "HashBuildings", "HashBuildings\HashBuildings.csproj", "{1B2A7397-F681-4021-99E6-31D46CD8D5EF}"
EndProject
Project("{FAE04EC0-301F-11D3-BF4B-00C04F79EFBC}") = "MyGenericMethod", "MyGenericMethod\MyGenericMethod.csproj", "{790CF2A8-54A9-4C54-A67E-161476CA2313}"
EndProject
Project("{FAE04EC0-301F-11D3-BF4B-00C04F79EFBC}") = "Podium", "Podium\Podium.csproj", "{36FCE9A3-BD03-4D57-81BB-F7786A115479}"
EndProject
Global
	GlobalSection(SolutionConfigurationPlatforms) = preSolution
		Debug|Any CPU = Debug|Any CPU
		Debug|x64 = Debug|x64
		Debug|x86 = Debug|x86
		Release|Any CPU = Release|Any CPU
		Release|x64 = Release|x64
		Release|x86 = Release|x86
	EndGlobalSection
	GlobalSection(SolutionProperties) = preSolution
		HideSolutionNode = FALSE
	EndGlobalSection
	GlobalSection(ProjectConfigurationPlatforms) = postSolution
		{0EEA7E6F-E808-494D-B403-FE219F81568A}.Debug|Any CPU.ActiveCfg = Debug|Any CPU
		{0EEA7E6F-E808-494D-B403-FE219F81568A}.Debug|Any CPU.Build.0 = Debug|Any CPU
		{0EEA7E6F-E808-494D-B403-FE219F81568A}.Debug|x64.ActiveCfg = Debug|Any CPU
		{0EEA7E6F-E808-494D-B403-FE219F81568A}.Debug|x64.Build.0 = Debug|Any CPU
		{0EEA7E6F-E808-494D-B403-FE219F81568A}.Debug|x86.ActiveCfg = Debug|Any CPU
		{0EEA7E6F-E808-494D-B403-FE219F81568A}.Debug|x86.Build.0 = Debug|Any CPU
		{0EEA7E6F-E808-494D-B403-FE219F81568A}.Release|Any CPU.ActiveCfg = Release|Any CPU
		{0EEA7E6F-E808-494D-B403-FE219F81568A}.Release|Any CPU.Build.0 = Release|Any CPU
		{0EEA7E6F-E808-494D-B403-FE219F81568A}.Release|x64.ActiveCfg = Release|Any CPU
		{0EEA7E6F-E808-494D-B403-FE219F81568A}.Release|x64.Build.0 = Release|Any CPU
		{0EEA7E6F-E808-494D-B403-FE219F81568A}.Release|x86.ActiveCfg = Release|Any CPU
		{0EEA7E6F-E808-494D-B403-FE219F81568A}.Release|x86.Build.0 = Release|Any CPU
		{ED8FD5C5-2D22-4976-96BA-FAFCA1761B0E}.Debug|Any CPU.ActiveCfg = Debug|Any CPU
		{ED8FD5C5-2D22-4976-96BA-FAFCA1761B0E}.Debug|Any CPU.Build.0 = Debug|Any CPU
		{ED8FD5C5-2D22-4976-96BA-FAFCA1761B0E}.Debug|x64.ActiveCfg = Debug|Any CPU
		{ED8FD5C5-2D22-4976-96BA-FAFCA1761B0E}.Debug|x64.Build.0 = Debug|Any CPU
		{ED8FD5C5-2D22-4976-96BA-FAFCA1761B0E}.Debug|x86.ActiveCfg = Debug|Any CPU
		{ED8FD5C5-2D22-4976-96BA-FAFCA1761B0E}.Debug|x86.Build.0 = Debug|Any CPU
		{ED8FD5C5-2D22-4976-96BA-FAFCA1761B0E}.Release|Any CPU.ActiveCfg = Release|Any CPU
		{ED8FD5C5-2D22-4976-96BA-FAFCA1761B0E}.Release|Any CPU.Build.0 = Release|Any CPU
		{ED8FD5C5-2D22-4976-96BA-FAFCA1761B0E}.Release|x64.ActiveCfg = Release|Any CPU
		{ED8FD5C5-2D22-4976-96BA-FAFCA1761B0E}.Release|x64.Build.0 = Release|Any CPU
		{ED8FD5C5-2D22-4976-96BA-FAFCA1761B0E}.Release|x86.ActiveCfg = Release|Any CPU
		{ED8FD5C5-2D22-4976-96BA-FAFCA1761B0E}.Release|x86.Build.0 = Release|Any CPU
		{A356C1FD-45D0-4625-A19C-1676CBC6E1F8}.Debug|Any CPU.ActiveCfg = Debug|Any CPU
		{A356C1FD-45D0-4625-A19C-1676CBC6E1F8}.Debug|Any CPU.Build.0 = Debug|Any CPU
		{A356C1FD-45D0-4625-A19C-1676CBC6E1F8}.Debug|x64.ActiveCfg = Debug|Any CPU
		{A356C1FD-45D0-4625-A19C-1676CBC6E1F8}.Debug|x64.Build.0 = Debug|Any CPU
		{A356C1FD-45D0-4625-A19C-1676CBC6E1F8}.Debug|x86.ActiveCfg = Debug|Any CPU
		{A356C1FD-45D0-4625-A19C-1676CBC6E1F8}.Debug|x86.Build.0 = Debug|Any CPU
		{A356C1FD-45D0-4625-A19C-1676CBC6E1F8}.Release|Any CPU.ActiveCfg = Release|Any CPU
		{A356C1FD-45D0-4625-A19C-1676CBC6E1F8}.Release|Any CPU.Build.0 = Release|Any CPU
		{A356C1FD-45D0-4625-A19C-1676CBC6E1F8}.Release|x64.ActiveCfg = Release|Any CPU
		{A356C1FD-45D0-4625-A19C-1676CBC6E1F8}.Release|x64.Build.0 = Release|Any CPU
		{A356C1FD-45D0-4625-A19C-1676CBC6E1F8}.Release|x86.ActiveCfg = Release|Any CPU
		{A356C1FD-45D0-4625-A19C-1676CBC6E1F8}.Release|x86.Build.0 = Release|Any CPU
		{80B80384-534F-41E7-B0C7-5F1C039D1681}.Debug|Any CPU.ActiveCfg = Debug|Any CPU
		{80B80384-534F-41E7-B0C7-5F1C039D1681}.Debug|Any CPU.Build.0 = Debug|Any CPU
		{80B80384-534F-41E7-B0C7-5F1C039D1681}.Debug|x64.ActiveCfg = Debug|Any CPU
		{80B80384-534F-41E7-B0C7-5F1C039D1681}.Debug|x64.Build.0 = Debug|Any CPU
		{80B80384-534F-41E7-B0C7-5F1C039D1681}.Debug|x86.ActiveCfg = Debug|Any CPU
		{80B80384-534F-41E7-B0C7-5F1C039D1681}.Debug|x86.Build.0 = Debug|Any CPU
		{80B80384-534F-41E7-B0C7-5F1C039D1681}.Release|Any CPU.ActiveCfg = Release|Any CPU
		{80B80384-534F-41E7-B0C7-5F1C039D1681}.Release|Any CPU.Build.0 = Release|Any CPU
		{80B80384-534F-41E7-B0C7-5F1C039D1681}.Release|x64.ActiveCfg = Release|Any CPU
		{80B80384-534F-41E7-B0C7-5F1C039D1681}.Release|x64.Build.0 = Release|Any CPU
		{80B80384-534F-41E7-B0C7-5F1C039D1681}.Release|x86.ActiveCfg = Release|Any CPU
		{80B80384-534F-41E7-B0C7-5F1C039D1681}.Release|x86.Build.0 = Release|Any CPU
		{A6182A0C-4016-4460-BB3D-7E21D20A931B}.Debug|Any CPU.ActiveCfg = Debug|Any CPU
		{A6182A0C-4016-4460-BB3D-7E21D20A931B}.Debug|Any CPU.Build.0 = Debug|Any CPU
		{A6182A0C-4016-4460-BB3D-7E21D20A931B}.Debug|x64.ActiveCfg = Debug|Any CPU
		{A6182A0C-4016-4460-BB3D-7E21D20A931B}.Debug|x64.Build.0 = Debug|Any CPU
		{A6182A0C-4016-4460-BB3D-7E21D20A931B}.Debug|x86.ActiveCfg = Debug|Any CPU
		{A6182A0C-4016-4460-BB3D-7E21D20A931B}.Debug|x86.Build.0 = Debug|Any CPU
		{A6182A0C-4016-4460-BB3D-7E21D20A931B}.Release|Any CPU.ActiveCfg = Release|Any CPU
		{A6182A0C-4016-4460-BB3D-7E21D20A931B}.Release|Any CPU.Build.0 = Release|Any CPU
		{A6182A0C-4016-4460-BB3D-7E21D20A931B}.Release|x64.ActiveCfg = Release|Any CPU
		{A6182A0C-4016-4460-BB3D-7E21D20A931B}.Release|x64.Build.0 = Release|Any CPU
		{A6182A0C-4016-4460-BB3D-7E21D20A931B}.Release|x86.ActiveCfg = Release|Any CPU
		{A6182A0C-4016-4460-BB3D-7E21D20A931B}.Release|x86.Build.0 = Release|Any CPU
		{036D11FE-031F-490E-8C9D-79CAC63A6FAF}.Debug|Any CPU.ActiveCfg = Debug|Any CPU
		{036D11FE-031F-490E-8C9D-79CAC63A6FAF}.Debug|Any CPU.Build.0 = Debug|Any CPU
		{036D11FE-031F-490E-8C9D-79CAC63A6FAF}.Debug|x64.ActiveCfg = Debug|Any CPU
		{036D11FE-031F-490E-8C9D-79CAC63A6FAF}.Debug|x64.Build.0 = Debug|Any CPU
		{036D11FE-031F-490E-8C9D-79CAC63A6FAF}.Debug|x86.ActiveCfg = Debug|Any CPU
		{036D11FE-031F-490E-8C9D-79CAC63A6FAF}.Debug|x86.Build.0 = Debug|Any CPU
		{036D11FE-031F-490E-8C9D-79CAC63A6FAF}.Release|Any CPU.ActiveCfg = Release|Any CPU
		{036D11FE-031F-490E-8C9D-79CAC63A6FAF}.Release|Any CPU.Build.0 = Release|Any CPU
		{036D11FE-031F-490E-8C9D-79CAC63A6FAF}.Release|x64.ActiveCfg = Release|Any CPU
		{036D11FE-031F-490E-8C9D-79CAC63A6FAF}.Release|x64.Build.0 = Release|Any CPU
		{036D11FE-031F-490E-8C9D-79CAC63A6FAF}.Release|x86.ActiveCfg = Release|Any CPU
		{036D11FE-031F-490E-8C9D-79CAC63A6FAF}.Release|x86.Build.0 = Release|Any CPU
		{1B2A7397-F681-4021-99E6-31D46CD8D5EF}.Debug|Any CPU.ActiveCfg = Debug|Any CPU
		{1B2A7397-F681-4021-99E6-31D46CD8D5EF}.Debug|Any CPU.Build.0 = Debug|Any CPU
		{1B2A7397-F681-4021-99E6-31D46CD8D5EF}.Debug|x64.ActiveCfg = Debug|Any CPU
		{1B2A7397-F681-4021-99E6-31D46CD8D5EF}.Debug|x64.Build.0 = Debug|Any CPU
		{1B2A7397-F681-4021-99E6-31D46CD8D5EF}.Debug|x86.ActiveCfg = Debug|Any CPU
		{1B2A7397-F681-4021-99E6-31D46CD8D5EF}.Debug|x86.Build.0 = Debug|Any CPU
		{1B2A7397-F681-4021-99E6-31D46CD8D5EF}.Release|Any CPU.ActiveCfg = Release|Any CPU
		{1B2A7397-F681-4021-99E6-31D46CD8D5EF}.Release|Any CPU.Build.0 = Release|Any CPU
		{1B2A7397-F681-4021-99E6-31D46CD8D5EF}.Release|x64.ActiveCfg = Release|Any CPU
		{1B2A7397-F681-4021-99E6-31D46CD8D5EF}.Release|x64.Build.0 = Release|Any CPU
		{1B2A7397-F681-4021-99E6-31D46CD8D5EF}.Release|x86.ActiveCfg = Release|Any CPU
		{1B2A7397-F681-4021-99E6-31D46CD8D5EF}.Release|x86.Build.0 = Release|Any CPU
		{790CF2A8-54A9-4C54-A67E-161476CA2313}.Debug|Any CPU.ActiveCfg = Debug|Any CPU
		{790CF2A8-54A9-4C54-A67E-161476CA2313}.Debug|Any CPU.Build.0 = Debug|Any CPU
		{790CF2A8-54A9-4C54-A67E-161476CA2313}.Debug|x64.ActiveCfg = Debug|Any CPU
		{790CF2A8-54A9-4C54-A67E-161476CA2313}.Debug|x64.Build.0 = Debug|Any CPU
		{790CF2A8-54A9-4C54-A67E-161476CA2313}.Debug|x86.ActiveCfg = Debug|Any CPU
		{790CF2A8-54A9-4C54-A67E-161476CA2313}.Debug|x86.Build.0 = Debug|Any CPU
		{790CF2A8-54A9-4C54-A67E-161476CA2313}.Release|Any CPU.ActiveCfg = Release|Any CPU
		{790CF2A8-54A9-4C54-A67E-161476CA2313}.Release|Any CPU.Build.0 = Release|Any CPU
		{790CF2A8-54A9-4C54-A67E-161476CA2313}.Release|x64.ActiveCfg = Release|Any CPU
		{790CF2A8-54A9-4C54-A67E-161476CA2313}.Release|x64.Build.0 = Release|Any CPU
		{790CF2A8-54A9-4C54-A67E-161476CA2313}.Release|x86.ActiveCfg = Release|Any CPU
		{790CF2A8-54A9-4C54-A67E-161476CA2313}.Release|x86.Build.0 = Release|Any CPU
		{36FCE9A3-BD03-4D57-81BB-F7786A115479}.Debug|Any CPU.ActiveCfg = Debug|Any CPU
		{36FCE9A3-BD03-4D57-81BB-F7786A115479}.Debug|Any CPU.Build.0 = Debug|Any CPU
		{36FCE9A3-BD03-4D57-81BB-F7786A115479}.Debug|x64.ActiveCfg = Debug|Any CPU
		{36FCE9A3-BD03-4D57-81BB-F7786A115479}.Debug|x64.Build.0 = Debug|Any CPU
		{36FCE9A3-BD03-4D57-81BB-F7786A115479}.Debug|x86.ActiveCfg = Debug|Any CPU
		{36FCE9A3-BD03-4D57-81BB-F7786A115479}.Debug|x86.Build.0 = Debug|Any CPU
		{36FCE9A3-BD03-4D57-81BB-F7786A115479}.Release|Any CPU.ActiveCfg = Release|Any CPU
		{36FCE9A3-BD03-4D57-81BB-F7786A115479}.Release|Any CPU.Build.0 = Release|Any CPU
		{36FCE9A3-BD03-4D57-81BB-F7786A115479}.Release|x64.ActiveCfg = Release|Any CPU
		{36FCE9A3-BD03-4D57-81BB-F7786A115479}.Release|x64.Build.0 = Release|Any CPU
		{36FCE9A3-BD03-4D57-81BB-F7786A115479}.Release|x86.ActiveCfg = Release|Any CPU
		{36FCE9A3-BD03-4D57-81BB-F7786A115479}.Release|x86.Build.0 = Release|Any CPU
	EndGlobalSection
EndGlobal
